// !$*UTF8*$!
{
	archiveVersion = 1;
	classes = {
	};
	objectVersion = 56;
	objects = {

/* Begin PBXBuildFile section */
		56453A492B59CA850058BAFC /* ReverseStringBaseViewController.swift in Sources */ = {isa = PBXBuildFile; fileRef = 56453A472B59CA850058BAFC /* ReverseStringBaseViewController.swift */; };
		56453A4A2B59CA850058BAFC /* ReverseStringBaseViewController.xib in Resources */ = {isa = PBXBuildFile; fileRef = 56453A482B59CA850058BAFC /* ReverseStringBaseViewController.xib */; };
		56453A4D2B59CADB0058BAFC /* ReverseStringSimpleViewModel.swift in Sources */ = {isa = PBXBuildFile; fileRef = 56453A4C2B59CADB0058BAFC /* ReverseStringSimpleViewModel.swift */; };
		56453A502B59CB1E0058BAFC /* ReverseStringUsingArrayViewModel.swift in Sources */ = {isa = PBXBuildFile; fileRef = 56453A4F2B59CB1E0058BAFC /* ReverseStringUsingArrayViewModel.swift */; };
		56453A532B59CBB50058BAFC /* ReverseStringSimpleViewController.swift in Sources */ = {isa = PBXBuildFile; fileRef = 56453A512B59CBB50058BAFC /* ReverseStringSimpleViewController.swift */; };
		56453A572B59CBC40058BAFC /* ReverseStringUsingArrayViewController.swift in Sources */ = {isa = PBXBuildFile; fileRef = 56453A552B59CBC40058BAFC /* ReverseStringUsingArrayViewController.swift */; };
		56453A5E2B59D4320058BAFC /* PalindromeBaseViewController.swift in Sources */ = {isa = PBXBuildFile; fileRef = 56453A5C2B59D4320058BAFC /* PalindromeBaseViewController.swift */; };
		56453A5F2B59D4320058BAFC /* PalindromeBaseViewController.xib in Resources */ = {isa = PBXBuildFile; fileRef = 56453A5D2B59D4320058BAFC /* PalindromeBaseViewController.xib */; };
		56453A612B59D4810058BAFC /* PalindromeUsingArrayViewModel.swift in Sources */ = {isa = PBXBuildFile; fileRef = 56453A602B59D4810058BAFC /* PalindromeUsingArrayViewModel.swift */; };
		56453A632B59D48D0058BAFC /* PalindromeUsingStringViewModel.swift in Sources */ = {isa = PBXBuildFile; fileRef = 56453A622B59D48D0058BAFC /* PalindromeUsingStringViewModel.swift */; };
		56453A652B59D6950058BAFC /* PalindromeUsingArrayViewController.swift in Sources */ = {isa = PBXBuildFile; fileRef = 56453A642B59D6950058BAFC /* PalindromeUsingArrayViewController.swift */; };
		56453A672B59D6A60058BAFC /* PalindromeUsingStringViewController.swift in Sources */ = {isa = PBXBuildFile; fileRef = 56453A662B59D6A60058BAFC /* PalindromeUsingStringViewController.swift */; };
		568035662B57CFA200461F57 /* UIViewControllerExtensions.swift in Sources */ = {isa = PBXBuildFile; fileRef = 568035652B57CFA200461F57 /* UIViewControllerExtensions.swift */; };
		568035692B58D56F00461F57 /* FactorialBaseViewController.swift in Sources */ = {isa = PBXBuildFile; fileRef = 568035672B58D56F00461F57 /* FactorialBaseViewController.swift */; };
		5680356A2B58D56F00461F57 /* FactorialBaseViewController.xib in Resources */ = {isa = PBXBuildFile; fileRef = 568035682B58D56F00461F57 /* FactorialBaseViewController.xib */; };
		5680356E2B591D8600461F57 /* FibonacciViewController.swift in Sources */ = {isa = PBXBuildFile; fileRef = 5680356C2B591D8600461F57 /* FibonacciViewController.swift */; };
		5680356F2B591D8600461F57 /* FibonacciViewController.xib in Resources */ = {isa = PBXBuildFile; fileRef = 5680356D2B591D8600461F57 /* FibonacciViewController.xib */; };
		568035712B591E4600461F57 /* FibonacciViewModel.swift in Sources */ = {isa = PBXBuildFile; fileRef = 568035702B591E4600461F57 /* FibonacciViewModel.swift */; };
		568035752B5927AC00461F57 /* BinarySearchViewController.swift in Sources */ = {isa = PBXBuildFile; fileRef = 568035732B5927AC00461F57 /* BinarySearchViewController.swift */; };
		568035762B5927AC00461F57 /* BinarySearchViewController.xib in Resources */ = {isa = PBXBuildFile; fileRef = 568035742B5927AC00461F57 /* BinarySearchViewController.xib */; };
		568035782B5928D500461F57 /* BinarySearchViewModel.swift in Sources */ = {isa = PBXBuildFile; fileRef = 568035772B5928D500461F57 /* BinarySearchViewModel.swift */; };
		568E51482B353AC300FFAD03 /* AppDelegate.swift in Sources */ = {isa = PBXBuildFile; fileRef = 568E51472B353AC300FFAD03 /* AppDelegate.swift */; };
		568E514A2B353AC300FFAD03 /* SceneDelegate.swift in Sources */ = {isa = PBXBuildFile; fileRef = 568E51492B353AC300FFAD03 /* SceneDelegate.swift */; };
		568E514C2B353AC300FFAD03 /* AlgorithmsListViewController.swift in Sources */ = {isa = PBXBuildFile; fileRef = 568E514B2B353AC300FFAD03 /* AlgorithmsListViewController.swift */; };
		568E514F2B353AC300FFAD03 /* Main.storyboard in Resources */ = {isa = PBXBuildFile; fileRef = 568E514D2B353AC300FFAD03 /* Main.storyboard */; };
		568E51512B353AC500FFAD03 /* Assets.xcassets in Resources */ = {isa = PBXBuildFile; fileRef = 568E51502B353AC500FFAD03 /* Assets.xcassets */; };
		568E51542B353AC500FFAD03 /* LaunchScreen.storyboard in Resources */ = {isa = PBXBuildFile; fileRef = 568E51522B353AC500FFAD03 /* LaunchScreen.storyboard */; };
		568E515F2B353AC600FFAD03 /* Algorithms_UIKit_SwiftTests.swift in Sources */ = {isa = PBXBuildFile; fileRef = 568E515E2B353AC600FFAD03 /* Algorithms_UIKit_SwiftTests.swift */; };
		568E51692B353AC600FFAD03 /* Algorithms_UIKit_SwiftUITests.swift in Sources */ = {isa = PBXBuildFile; fileRef = 568E51682B353AC600FFAD03 /* Algorithms_UIKit_SwiftUITests.swift */; };
		568E516B2B353AC600FFAD03 /* Algorithms_UIKit_SwiftUITestsLaunchTests.swift in Sources */ = {isa = PBXBuildFile; fileRef = 568E516A2B353AC600FFAD03 /* Algorithms_UIKit_SwiftUITestsLaunchTests.swift */; };
		56A62C3E2B3E0BF600CBCB33 /* AlgorithmListTableViewCell.swift in Sources */ = {isa = PBXBuildFile; fileRef = 56A62C3D2B3E0BF600CBCB33 /* AlgorithmListTableViewCell.swift */; };
		56B98E942B57AC5500B4CC68 /* Algorithm.swift in Sources */ = {isa = PBXBuildFile; fileRef = 56B98E912B57AC5500B4CC68 /* Algorithm.swift */; };
		56B98E952B57AC5500B4CC68 /* DataModel.swift in Sources */ = {isa = PBXBuildFile; fileRef = 56B98E922B57AC5500B4CC68 /* DataModel.swift */; };
		56B98E962B57AC5500B4CC68 /* ListAlgorithmsRow.swift in Sources */ = {isa = PBXBuildFile; fileRef = 56B98E932B57AC5500B4CC68 /* ListAlgorithmsRow.swift */; };
		56B98E9A2B57B09000B4CC68 /* Localizable.xcstrings in Resources */ = {isa = PBXBuildFile; fileRef = 56B98E992B57B09000B4CC68 /* Localizable.xcstrings */; };
		56B98EA42B57B68300B4CC68 /* FactorialIterationViewController.swift in Sources */ = {isa = PBXBuildFile; fileRef = 56B98EA22B57B68300B4CC68 /* FactorialIterationViewController.swift */; };
		56B98EA72B57B6DD00B4CC68 /* FactorialIterationViewModel.swift in Sources */ = {isa = PBXBuildFile; fileRef = 56B98EA62B57B6DD00B4CC68 /* FactorialIterationViewModel.swift */; };
		56B98EAA2B57B78100B4CC68 /* FactorialRecursionViewController.swift in Sources */ = {isa = PBXBuildFile; fileRef = 56B98EA82B57B78100B4CC68 /* FactorialRecursionViewController.swift */; };
		56B98EAD2B57B79300B4CC68 /* FactorialRecursionViewModel.swift in Sources */ = {isa = PBXBuildFile; fileRef = 56B98EAC2B57B79300B4CC68 /* FactorialRecursionViewModel.swift */; };
/* End PBXBuildFile section */

/* Begin PBXContainerItemProxy section */
		568E515B2B353AC600FFAD03 /* PBXContainerItemProxy */ = {
			isa = PBXContainerItemProxy;
			containerPortal = 568E513C2B353AC300FFAD03 /* Project object */;
			proxyType = 1;
			remoteGlobalIDString = 568E51432B353AC300FFAD03;
			remoteInfo = "Algorithms-UIKit-Swift";
		};
		568E51652B353AC600FFAD03 /* PBXContainerItemProxy */ = {
			isa = PBXContainerItemProxy;
			containerPortal = 568E513C2B353AC300FFAD03 /* Project object */;
			proxyType = 1;
			remoteGlobalIDString = 568E51432B353AC300FFAD03;
			remoteInfo = "Algorithms-UIKit-Swift";
		};
/* End PBXContainerItemProxy section */

/* Begin PBXFileReference section */
		56453A472B59CA850058BAFC /* ReverseStringBaseViewController.swift */ = {isa = PBXFileReference; lastKnownFileType = sourcecode.swift; path = ReverseStringBaseViewController.swift; sourceTree = "<group>"; };
		56453A482B59CA850058BAFC /* ReverseStringBaseViewController.xib */ = {isa = PBXFileReference; lastKnownFileType = file.xib; path = ReverseStringBaseViewController.xib; sourceTree = "<group>"; };
		56453A4C2B59CADB0058BAFC /* ReverseStringSimpleViewModel.swift */ = {isa = PBXFileReference; lastKnownFileType = sourcecode.swift; path = ReverseStringSimpleViewModel.swift; sourceTree = "<group>"; };
		56453A4F2B59CB1E0058BAFC /* ReverseStringUsingArrayViewModel.swift */ = {isa = PBXFileReference; lastKnownFileType = sourcecode.swift; path = ReverseStringUsingArrayViewModel.swift; sourceTree = "<group>"; };
		56453A512B59CBB50058BAFC /* ReverseStringSimpleViewController.swift */ = {isa = PBXFileReference; lastKnownFileType = sourcecode.swift; path = ReverseStringSimpleViewController.swift; sourceTree = "<group>"; };
		56453A552B59CBC40058BAFC /* ReverseStringUsingArrayViewController.swift */ = {isa = PBXFileReference; lastKnownFileType = sourcecode.swift; path = ReverseStringUsingArrayViewController.swift; sourceTree = "<group>"; };
		56453A5C2B59D4320058BAFC /* PalindromeBaseViewController.swift */ = {isa = PBXFileReference; lastKnownFileType = sourcecode.swift; path = PalindromeBaseViewController.swift; sourceTree = "<group>"; };
		56453A5D2B59D4320058BAFC /* PalindromeBaseViewController.xib */ = {isa = PBXFileReference; lastKnownFileType = file.xib; path = PalindromeBaseViewController.xib; sourceTree = "<group>"; };
		56453A602B59D4810058BAFC /* PalindromeUsingArrayViewModel.swift */ = {isa = PBXFileReference; lastKnownFileType = sourcecode.swift; path = PalindromeUsingArrayViewModel.swift; sourceTree = "<group>"; };
		56453A622B59D48D0058BAFC /* PalindromeUsingStringViewModel.swift */ = {isa = PBXFileReference; lastKnownFileType = sourcecode.swift; path = PalindromeUsingStringViewModel.swift; sourceTree = "<group>"; };
		56453A642B59D6950058BAFC /* PalindromeUsingArrayViewController.swift */ = {isa = PBXFileReference; lastKnownFileType = sourcecode.swift; path = PalindromeUsingArrayViewController.swift; sourceTree = "<group>"; };
		56453A662B59D6A60058BAFC /* PalindromeUsingStringViewController.swift */ = {isa = PBXFileReference; lastKnownFileType = sourcecode.swift; path = PalindromeUsingStringViewController.swift; sourceTree = "<group>"; };
		568035652B57CFA200461F57 /* UIViewControllerExtensions.swift */ = {isa = PBXFileReference; lastKnownFileType = sourcecode.swift; path = UIViewControllerExtensions.swift; sourceTree = "<group>"; };
		568035672B58D56F00461F57 /* FactorialBaseViewController.swift */ = {isa = PBXFileReference; lastKnownFileType = sourcecode.swift; path = FactorialBaseViewController.swift; sourceTree = "<group>"; };
		568035682B58D56F00461F57 /* FactorialBaseViewController.xib */ = {isa = PBXFileReference; lastKnownFileType = file.xib; path = FactorialBaseViewController.xib; sourceTree = "<group>"; };
		5680356C2B591D8600461F57 /* FibonacciViewController.swift */ = {isa = PBXFileReference; lastKnownFileType = sourcecode.swift; path = FibonacciViewController.swift; sourceTree = "<group>"; };
		5680356D2B591D8600461F57 /* FibonacciViewController.xib */ = {isa = PBXFileReference; lastKnownFileType = file.xib; path = FibonacciViewController.xib; sourceTree = "<group>"; };
		568035702B591E4600461F57 /* FibonacciViewModel.swift */ = {isa = PBXFileReference; lastKnownFileType = sourcecode.swift; path = FibonacciViewModel.swift; sourceTree = "<group>"; };
		568035732B5927AC00461F57 /* BinarySearchViewController.swift */ = {isa = PBXFileReference; lastKnownFileType = sourcecode.swift; path = BinarySearchViewController.swift; sourceTree = "<group>"; };
		568035742B5927AC00461F57 /* BinarySearchViewController.xib */ = {isa = PBXFileReference; lastKnownFileType = file.xib; path = BinarySearchViewController.xib; sourceTree = "<group>"; };
		568035772B5928D500461F57 /* BinarySearchViewModel.swift */ = {isa = PBXFileReference; lastKnownFileType = sourcecode.swift; path = BinarySearchViewModel.swift; sourceTree = "<group>"; };
		568E51442B353AC300FFAD03 /* Algorithms-UIKit-Swift.app */ = {isa = PBXFileReference; explicitFileType = wrapper.application; includeInIndex = 0; path = "Algorithms-UIKit-Swift.app"; sourceTree = BUILT_PRODUCTS_DIR; };
		568E51472B353AC300FFAD03 /* AppDelegate.swift */ = {isa = PBXFileReference; lastKnownFileType = sourcecode.swift; path = AppDelegate.swift; sourceTree = "<group>"; };
		568E51492B353AC300FFAD03 /* SceneDelegate.swift */ = {isa = PBXFileReference; lastKnownFileType = sourcecode.swift; path = SceneDelegate.swift; sourceTree = "<group>"; };
		568E514B2B353AC300FFAD03 /* AlgorithmsListViewController.swift */ = {isa = PBXFileReference; lastKnownFileType = sourcecode.swift; path = AlgorithmsListViewController.swift; sourceTree = "<group>"; };
		568E514E2B353AC300FFAD03 /* Base */ = {isa = PBXFileReference; lastKnownFileType = file.storyboard; name = Base; path = Base.lproj/Main.storyboard; sourceTree = "<group>"; };
		568E51502B353AC500FFAD03 /* Assets.xcassets */ = {isa = PBXFileReference; lastKnownFileType = folder.assetcatalog; path = Assets.xcassets; sourceTree = "<group>"; };
		568E51532B353AC500FFAD03 /* Base */ = {isa = PBXFileReference; lastKnownFileType = file.storyboard; name = Base; path = Base.lproj/LaunchScreen.storyboard; sourceTree = "<group>"; };
		568E51552B353AC500FFAD03 /* Info.plist */ = {isa = PBXFileReference; lastKnownFileType = text.plist.xml; path = Info.plist; sourceTree = "<group>"; };
		568E515A2B353AC600FFAD03 /* Algorithms-UIKit-SwiftTests.xctest */ = {isa = PBXFileReference; explicitFileType = wrapper.cfbundle; includeInIndex = 0; path = "Algorithms-UIKit-SwiftTests.xctest"; sourceTree = BUILT_PRODUCTS_DIR; };
		568E515E2B353AC600FFAD03 /* Algorithms_UIKit_SwiftTests.swift */ = {isa = PBXFileReference; lastKnownFileType = sourcecode.swift; path = Algorithms_UIKit_SwiftTests.swift; sourceTree = "<group>"; };
		568E51642B353AC600FFAD03 /* Algorithms-UIKit-SwiftUITests.xctest */ = {isa = PBXFileReference; explicitFileType = wrapper.cfbundle; includeInIndex = 0; path = "Algorithms-UIKit-SwiftUITests.xctest"; sourceTree = BUILT_PRODUCTS_DIR; };
		568E51682B353AC600FFAD03 /* Algorithms_UIKit_SwiftUITests.swift */ = {isa = PBXFileReference; lastKnownFileType = sourcecode.swift; path = Algorithms_UIKit_SwiftUITests.swift; sourceTree = "<group>"; };
		568E516A2B353AC600FFAD03 /* Algorithms_UIKit_SwiftUITestsLaunchTests.swift */ = {isa = PBXFileReference; lastKnownFileType = sourcecode.swift; path = Algorithms_UIKit_SwiftUITestsLaunchTests.swift; sourceTree = "<group>"; };
		56A62C3D2B3E0BF600CBCB33 /* AlgorithmListTableViewCell.swift */ = {isa = PBXFileReference; lastKnownFileType = sourcecode.swift; path = AlgorithmListTableViewCell.swift; sourceTree = "<group>"; };
		56B98E912B57AC5500B4CC68 /* Algorithm.swift */ = {isa = PBXFileReference; fileEncoding = 4; lastKnownFileType = sourcecode.swift; path = Algorithm.swift; sourceTree = "<group>"; };
		56B98E922B57AC5500B4CC68 /* DataModel.swift */ = {isa = PBXFileReference; fileEncoding = 4; lastKnownFileType = sourcecode.swift; path = DataModel.swift; sourceTree = "<group>"; };
		56B98E932B57AC5500B4CC68 /* ListAlgorithmsRow.swift */ = {isa = PBXFileReference; fileEncoding = 4; lastKnownFileType = sourcecode.swift; path = ListAlgorithmsRow.swift; sourceTree = "<group>"; };
		56B98E992B57B09000B4CC68 /* Localizable.xcstrings */ = {isa = PBXFileReference; lastKnownFileType = text.json.xcstrings; path = Localizable.xcstrings; sourceTree = "<group>"; };
		56B98EA22B57B68300B4CC68 /* FactorialIterationViewController.swift */ = {isa = PBXFileReference; lastKnownFileType = sourcecode.swift; path = FactorialIterationViewController.swift; sourceTree = "<group>"; };
		56B98EA62B57B6DD00B4CC68 /* FactorialIterationViewModel.swift */ = {isa = PBXFileReference; lastKnownFileType = sourcecode.swift; path = FactorialIterationViewModel.swift; sourceTree = "<group>"; };
		56B98EA82B57B78100B4CC68 /* FactorialRecursionViewController.swift */ = {isa = PBXFileReference; lastKnownFileType = sourcecode.swift; path = FactorialRecursionViewController.swift; sourceTree = "<group>"; };
		56B98EAC2B57B79300B4CC68 /* FactorialRecursionViewModel.swift */ = {isa = PBXFileReference; lastKnownFileType = sourcecode.swift; path = FactorialRecursionViewModel.swift; sourceTree = "<group>"; };
/* End PBXFileReference section */

/* Begin PBXFrameworksBuildPhase section */
		568E51412B353AC300FFAD03 /* Frameworks */ = {
			isa = PBXFrameworksBuildPhase;
			buildActionMask = 2147483647;
			files = (
			);
			runOnlyForDeploymentPostprocessing = 0;
		};
		568E51572B353AC600FFAD03 /* Frameworks */ = {
			isa = PBXFrameworksBuildPhase;
			buildActionMask = 2147483647;
			files = (
			);
			runOnlyForDeploymentPostprocessing = 0;
		};
		568E51612B353AC600FFAD03 /* Frameworks */ = {
			isa = PBXFrameworksBuildPhase;
			buildActionMask = 2147483647;
			files = (
			);
			runOnlyForDeploymentPostprocessing = 0;
		};
/* End PBXFrameworksBuildPhase section */

/* Begin PBXGroup section */
		56453A462B59C9EE0058BAFC /* ReverseString */ = {
			isa = PBXGroup;
			children = (
				56453A482B59CA850058BAFC /* ReverseStringBaseViewController.xib */,
				56453A472B59CA850058BAFC /* ReverseStringBaseViewController.swift */,
				56453A4B2B59CAC80058BAFC /* Simple */,
				56453A4E2B59CAEE0058BAFC /* UsingArray */,
			);
			path = ReverseString;
			sourceTree = "<group>";
		};
		56453A4B2B59CAC80058BAFC /* Simple */ = {
			isa = PBXGroup;
			children = (
				56453A512B59CBB50058BAFC /* ReverseStringSimpleViewController.swift */,
				56453A4C2B59CADB0058BAFC /* ReverseStringSimpleViewModel.swift */,
			);
			path = Simple;
			sourceTree = "<group>";
		};
		56453A4E2B59CAEE0058BAFC /* UsingArray */ = {
			isa = PBXGroup;
			children = (
				56453A552B59CBC40058BAFC /* ReverseStringUsingArrayViewController.swift */,
				56453A4F2B59CB1E0058BAFC /* ReverseStringUsingArrayViewModel.swift */,
			);
			path = UsingArray;
			sourceTree = "<group>";
		};
		56453A592B59D3F20058BAFC /* Palindrome */ = {
			isa = PBXGroup;
			children = (
				56453A5D2B59D4320058BAFC /* PalindromeBaseViewController.xib */,
				56453A5C2B59D4320058BAFC /* PalindromeBaseViewController.swift */,
				56453A5A2B59D40A0058BAFC /* Using Array */,
				56453A5B2B59D4100058BAFC /* Using String */,
			);
			path = Palindrome;
			sourceTree = "<group>";
		};
		56453A5A2B59D40A0058BAFC /* Using Array */ = {
			isa = PBXGroup;
			children = (
				56453A642B59D6950058BAFC /* PalindromeUsingArrayViewController.swift */,
				56453A602B59D4810058BAFC /* PalindromeUsingArrayViewModel.swift */,
			);
			path = "Using Array";
			sourceTree = "<group>";
		};
		56453A5B2B59D4100058BAFC /* Using String */ = {
			isa = PBXGroup;
			children = (
				56453A662B59D6A60058BAFC /* PalindromeUsingStringViewController.swift */,
				56453A622B59D48D0058BAFC /* PalindromeUsingStringViewModel.swift */,
			);
			path = "Using String";
			sourceTree = "<group>";
		};
		568035642B57CF6F00461F57 /* Extensions */ = {
			isa = PBXGroup;
			children = (
				568035652B57CFA200461F57 /* UIViewControllerExtensions.swift */,
			);
			path = Extensions;
			sourceTree = "<group>";
		};
		5680356B2B591D4300461F57 /* Fibonacci */ = {
			isa = PBXGroup;
			children = (
				5680356D2B591D8600461F57 /* FibonacciViewController.xib */,
				5680356C2B591D8600461F57 /* FibonacciViewController.swift */,
				568035702B591E4600461F57 /* FibonacciViewModel.swift */,
			);
			path = Fibonacci;
			sourceTree = "<group>";
		};
		568035722B59274F00461F57 /* BinarySearch */ = {
			isa = PBXGroup;
			children = (
				568035742B5927AC00461F57 /* BinarySearchViewController.xib */,
				568035732B5927AC00461F57 /* BinarySearchViewController.swift */,
				568035772B5928D500461F57 /* BinarySearchViewModel.swift */,
			);
			path = BinarySearch;
			sourceTree = "<group>";
		};
		568E513B2B353AC300FFAD03 = {
			isa = PBXGroup;
			children = (
				568E51462B353AC300FFAD03 /* Algorithms-UIKit-Swift */,
				568E515D2B353AC600FFAD03 /* Algorithms-UIKit-SwiftTests */,
				568E51672B353AC600FFAD03 /* Algorithms-UIKit-SwiftUITests */,
				568E51452B353AC300FFAD03 /* Products */,
			);
			sourceTree = "<group>";
		};
		568E51452B353AC300FFAD03 /* Products */ = {
			isa = PBXGroup;
			children = (
				568E51442B353AC300FFAD03 /* Algorithms-UIKit-Swift.app */,
				568E515A2B353AC600FFAD03 /* Algorithms-UIKit-SwiftTests.xctest */,
				568E51642B353AC600FFAD03 /* Algorithms-UIKit-SwiftUITests.xctest */,
			);
			name = Products;
			sourceTree = "<group>";
		};
		568E51462B353AC300FFAD03 /* Algorithms-UIKit-Swift */ = {
			isa = PBXGroup;
			children = (
				56B98E8E2B57AA7100B4CC68 /* Launch Screen */,
				56B98E8F2B57AA8600B4CC68 /* Application */,
				56B98E982B57ACF500B4CC68 /* AlgorithmsList */,
				56B98E9E2B57B59E00B4CC68 /* Algorithms */,
				56B72E4B2B3F373C000B812B /* Model */,
				568035642B57CF6F00461F57 /* Extensions */,
				56B98E902B57AAE500B4CC68 /* Resources */,
				56B98E992B57B09000B4CC68 /* Localizable.xcstrings */,
				568E51552B353AC500FFAD03 /* Info.plist */,
			);
			path = "Algorithms-UIKit-Swift";
			sourceTree = "<group>";
		};
		568E515D2B353AC600FFAD03 /* Algorithms-UIKit-SwiftTests */ = {
			isa = PBXGroup;
			children = (
				568E515E2B353AC600FFAD03 /* Algorithms_UIKit_SwiftTests.swift */,
			);
			path = "Algorithms-UIKit-SwiftTests";
			sourceTree = "<group>";
		};
		568E51672B353AC600FFAD03 /* Algorithms-UIKit-SwiftUITests */ = {
			isa = PBXGroup;
			children = (
				568E51682B353AC600FFAD03 /* Algorithms_UIKit_SwiftUITests.swift */,
				568E516A2B353AC600FFAD03 /* Algorithms_UIKit_SwiftUITestsLaunchTests.swift */,
			);
			path = "Algorithms-UIKit-SwiftUITests";
			sourceTree = "<group>";
		};
		56B72E4B2B3F373C000B812B /* Model */ = {
			isa = PBXGroup;
			children = (
				56B98E912B57AC5500B4CC68 /* Algorithm.swift */,
				56B98E932B57AC5500B4CC68 /* ListAlgorithmsRow.swift */,
				56B98E922B57AC5500B4CC68 /* DataModel.swift */,
			);
			path = Model;
			sourceTree = "<group>";
		};
		56B98E8E2B57AA7100B4CC68 /* Launch Screen */ = {
			isa = PBXGroup;
			children = (
				568E51522B353AC500FFAD03 /* LaunchScreen.storyboard */,
			);
			path = "Launch Screen";
			sourceTree = "<group>";
		};
		56B98E8F2B57AA8600B4CC68 /* Application */ = {
			isa = PBXGroup;
			children = (
				568E51472B353AC300FFAD03 /* AppDelegate.swift */,
				568E51492B353AC300FFAD03 /* SceneDelegate.swift */,
				568E514D2B353AC300FFAD03 /* Main.storyboard */,
			);
			path = Application;
			sourceTree = "<group>";
		};
		56B98E902B57AAE500B4CC68 /* Resources */ = {
			isa = PBXGroup;
			children = (
				568E51502B353AC500FFAD03 /* Assets.xcassets */,
			);
			path = Resources;
			sourceTree = "<group>";
		};
		56B98E982B57ACF500B4CC68 /* AlgorithmsList */ = {
			isa = PBXGroup;
			children = (
				568E514B2B353AC300FFAD03 /* AlgorithmsListViewController.swift */,
				56A62C3D2B3E0BF600CBCB33 /* AlgorithmListTableViewCell.swift */,
			);
			path = AlgorithmsList;
			sourceTree = "<group>";
		};
		56B98E9E2B57B59E00B4CC68 /* Algorithms */ = {
			isa = PBXGroup;
			children = (
				56B98E9F2B57B5C500B4CC68 /* Factorial */,
				5680356B2B591D4300461F57 /* Fibonacci */,
				568035722B59274F00461F57 /* BinarySearch */,
				56453A462B59C9EE0058BAFC /* ReverseString */,
				56453A592B59D3F20058BAFC /* Palindrome */,
			);
			path = Algorithms;
			sourceTree = "<group>";
		};
		56B98E9F2B57B5C500B4CC68 /* Factorial */ = {
			isa = PBXGroup;
			children = (
				568035682B58D56F00461F57 /* FactorialBaseViewController.xib */,
				568035672B58D56F00461F57 /* FactorialBaseViewController.swift */,
				56B98EA02B57B5CB00B4CC68 /* Iteration */,
				56B98EA12B57B5CF00B4CC68 /* Recursion */,
			);
			path = Factorial;
			sourceTree = "<group>";
		};
		56B98EA02B57B5CB00B4CC68 /* Iteration */ = {
			isa = PBXGroup;
			children = (
				56B98EA22B57B68300B4CC68 /* FactorialIterationViewController.swift */,
				56B98EA62B57B6DD00B4CC68 /* FactorialIterationViewModel.swift */,
			);
			path = Iteration;
			sourceTree = "<group>";
		};
		56B98EA12B57B5CF00B4CC68 /* Recursion */ = {
			isa = PBXGroup;
			children = (
				56B98EA82B57B78100B4CC68 /* FactorialRecursionViewController.swift */,
				56B98EAC2B57B79300B4CC68 /* FactorialRecursionViewModel.swift */,
			);
			path = Recursion;
			sourceTree = "<group>";
		};
/* End PBXGroup section */

/* Begin PBXNativeTarget section */
		568E51432B353AC300FFAD03 /* Algorithms-UIKit-Swift */ = {
			isa = PBXNativeTarget;
			buildConfigurationList = 568E516E2B353AC600FFAD03 /* Build configuration list for PBXNativeTarget "Algorithms-UIKit-Swift" */;
			buildPhases = (
				568E51402B353AC300FFAD03 /* Sources */,
				568E51412B353AC300FFAD03 /* Frameworks */,
				568E51422B353AC300FFAD03 /* Resources */,
			);
			buildRules = (
			);
			dependencies = (
			);
			name = "Algorithms-UIKit-Swift";
			productName = "Algorithms-UIKit-Swift";
			productReference = 568E51442B353AC300FFAD03 /* Algorithms-UIKit-Swift.app */;
			productType = "com.apple.product-type.application";
		};
		568E51592B353AC600FFAD03 /* Algorithms-UIKit-SwiftTests */ = {
			isa = PBXNativeTarget;
			buildConfigurationList = 568E51712B353AC600FFAD03 /* Build configuration list for PBXNativeTarget "Algorithms-UIKit-SwiftTests" */;
			buildPhases = (
				568E51562B353AC600FFAD03 /* Sources */,
				568E51572B353AC600FFAD03 /* Frameworks */,
				568E51582B353AC600FFAD03 /* Resources */,
			);
			buildRules = (
			);
			dependencies = (
				568E515C2B353AC600FFAD03 /* PBXTargetDependency */,
			);
			name = "Algorithms-UIKit-SwiftTests";
			productName = "Algorithms-UIKit-SwiftTests";
			productReference = 568E515A2B353AC600FFAD03 /* Algorithms-UIKit-SwiftTests.xctest */;
			productType = "com.apple.product-type.bundle.unit-test";
		};
		568E51632B353AC600FFAD03 /* Algorithms-UIKit-SwiftUITests */ = {
			isa = PBXNativeTarget;
			buildConfigurationList = 568E51742B353AC600FFAD03 /* Build configuration list for PBXNativeTarget "Algorithms-UIKit-SwiftUITests" */;
			buildPhases = (
				568E51602B353AC600FFAD03 /* Sources */,
				568E51612B353AC600FFAD03 /* Frameworks */,
				568E51622B353AC600FFAD03 /* Resources */,
			);
			buildRules = (
			);
			dependencies = (
				568E51662B353AC600FFAD03 /* PBXTargetDependency */,
			);
			name = "Algorithms-UIKit-SwiftUITests";
			productName = "Algorithms-UIKit-SwiftUITests";
			productReference = 568E51642B353AC600FFAD03 /* Algorithms-UIKit-SwiftUITests.xctest */;
			productType = "com.apple.product-type.bundle.ui-testing";
		};
/* End PBXNativeTarget section */

/* Begin PBXProject section */
		568E513C2B353AC300FFAD03 /* Project object */ = {
			isa = PBXProject;
			attributes = {
				BuildIndependentTargetsInParallel = 1;
				LastSwiftUpdateCheck = 1500;
				LastUpgradeCheck = 1500;
				TargetAttributes = {
					568E51432B353AC300FFAD03 = {
						CreatedOnToolsVersion = 15.0;
					};
					568E51592B353AC600FFAD03 = {
						CreatedOnToolsVersion = 15.0;
						TestTargetID = 568E51432B353AC300FFAD03;
					};
					568E51632B353AC600FFAD03 = {
						CreatedOnToolsVersion = 15.0;
						TestTargetID = 568E51432B353AC300FFAD03;
					};
				};
			};
			buildConfigurationList = 568E513F2B353AC300FFAD03 /* Build configuration list for PBXProject "Algorithms-UIKit-Swift" */;
			compatibilityVersion = "Xcode 14.0";
			developmentRegion = en;
			hasScannedForEncodings = 0;
			knownRegions = (
				en,
				Base,
				"fr-CA",
			);
			mainGroup = 568E513B2B353AC300FFAD03;
			productRefGroup = 568E51452B353AC300FFAD03 /* Products */;
			projectDirPath = "";
			projectRoot = "";
			targets = (
				568E51432B353AC300FFAD03 /* Algorithms-UIKit-Swift */,
				568E51592B353AC600FFAD03 /* Algorithms-UIKit-SwiftTests */,
				568E51632B353AC600FFAD03 /* Algorithms-UIKit-SwiftUITests */,
			);
		};
/* End PBXProject section */

/* Begin PBXResourcesBuildPhase section */
		568E51422B353AC300FFAD03 /* Resources */ = {
			isa = PBXResourcesBuildPhase;
			buildActionMask = 2147483647;
			files = (
				5680356A2B58D56F00461F57 /* FactorialBaseViewController.xib in Resources */,
				56453A4A2B59CA850058BAFC /* ReverseStringBaseViewController.xib in Resources */,
				568E51542B353AC500FFAD03 /* LaunchScreen.storyboard in Resources */,
				56453A5F2B59D4320058BAFC /* PalindromeBaseViewController.xib in Resources */,
				56B98E9A2B57B09000B4CC68 /* Localizable.xcstrings in Resources */,
				5680356F2B591D8600461F57 /* FibonacciViewController.xib in Resources */,
				568E51512B353AC500FFAD03 /* Assets.xcassets in Resources */,
				568035762B5927AC00461F57 /* BinarySearchViewController.xib in Resources */,
				568E514F2B353AC300FFAD03 /* Main.storyboard in Resources */,
			);
			runOnlyForDeploymentPostprocessing = 0;
		};
		568E51582B353AC600FFAD03 /* Resources */ = {
			isa = PBXResourcesBuildPhase;
			buildActionMask = 2147483647;
			files = (
			);
			runOnlyForDeploymentPostprocessing = 0;
		};
		568E51622B353AC600FFAD03 /* Resources */ = {
			isa = PBXResourcesBuildPhase;
			buildActionMask = 2147483647;
			files = (
			);
			runOnlyForDeploymentPostprocessing = 0;
		};
/* End PBXResourcesBuildPhase section */

/* Begin PBXSourcesBuildPhase section */
		568E51402B353AC300FFAD03 /* Sources */ = {
			isa = PBXSourcesBuildPhase;
			buildActionMask = 2147483647;
			files = (
				568E514C2B353AC300FFAD03 /* AlgorithmsListViewController.swift in Sources */,
				568035782B5928D500461F57 /* BinarySearchViewModel.swift in Sources */,
				56B98EAD2B57B79300B4CC68 /* FactorialRecursionViewModel.swift in Sources */,
				56A62C3E2B3E0BF600CBCB33 /* AlgorithmListTableViewCell.swift in Sources */,
				568035692B58D56F00461F57 /* FactorialBaseViewController.swift in Sources */,
				568035662B57CFA200461F57 /* UIViewControllerExtensions.swift in Sources */,
				56B98EA42B57B68300B4CC68 /* FactorialIterationViewController.swift in Sources */,
				56453A492B59CA850058BAFC /* ReverseStringBaseViewController.swift in Sources */,
				56B98EA72B57B6DD00B4CC68 /* FactorialIterationViewModel.swift in Sources */,
				56453A572B59CBC40058BAFC /* ReverseStringUsingArrayViewController.swift in Sources */,
				56453A672B59D6A60058BAFC /* PalindromeUsingStringViewController.swift in Sources */,
				56453A502B59CB1E0058BAFC /* ReverseStringUsingArrayViewModel.swift in Sources */,
				56B98E952B57AC5500B4CC68 /* DataModel.swift in Sources */,
				56453A5E2B59D4320058BAFC /* PalindromeBaseViewController.swift in Sources */,
				568E51482B353AC300FFAD03 /* AppDelegate.swift in Sources */,
				568E514A2B353AC300FFAD03 /* SceneDelegate.swift in Sources */,
				568035752B5927AC00461F57 /* BinarySearchViewController.swift in Sources */,
				56453A4D2B59CADB0058BAFC /* ReverseStringSimpleViewModel.swift in Sources */,
				56B98E942B57AC5500B4CC68 /* Algorithm.swift in Sources */,
				56453A652B59D6950058BAFC /* PalindromeUsingArrayViewController.swift in Sources */,
				56453A612B59D4810058BAFC /* PalindromeUsingArrayViewModel.swift in Sources */,
				5680356E2B591D8600461F57 /* FibonacciViewController.swift in Sources */,
				56453A632B59D48D0058BAFC /* PalindromeUsingStringViewModel.swift in Sources */,
				56453A532B59CBB50058BAFC /* ReverseStringSimpleViewController.swift in Sources */,
				56B98E962B57AC5500B4CC68 /* ListAlgorithmsRow.swift in Sources */,
				568035712B591E4600461F57 /* FibonacciViewModel.swift in Sources */,
				56B98EAA2B57B78100B4CC68 /* FactorialRecursionViewController.swift in Sources */,
			);
			runOnlyForDeploymentPostprocessing = 0;
		};
		568E51562B353AC600FFAD03 /* Sources */ = {
			isa = PBXSourcesBuildPhase;
			buildActionMask = 2147483647;
			files = (
				568E515F2B353AC600FFAD03 /* Algorithms_UIKit_SwiftTests.swift in Sources */,
			);
			runOnlyForDeploymentPostprocessing = 0;
		};
		568E51602B353AC600FFAD03 /* Sources */ = {
			isa = PBXSourcesBuildPhase;
			buildActionMask = 2147483647;
			files = (
				568E51692B353AC600FFAD03 /* Algorithms_UIKit_SwiftUITests.swift in Sources */,
				568E516B2B353AC600FFAD03 /* Algorithms_UIKit_SwiftUITestsLaunchTests.swift in Sources */,
			);
			runOnlyForDeploymentPostprocessing = 0;
		};
/* End PBXSourcesBuildPhase section */

/* Begin PBXTargetDependency section */
		568E515C2B353AC600FFAD03 /* PBXTargetDependency */ = {
			isa = PBXTargetDependency;
			target = 568E51432B353AC300FFAD03 /* Algorithms-UIKit-Swift */;
			targetProxy = 568E515B2B353AC600FFAD03 /* PBXContainerItemProxy */;
		};
		568E51662B353AC600FFAD03 /* PBXTargetDependency */ = {
			isa = PBXTargetDependency;
			target = 568E51432B353AC300FFAD03 /* Algorithms-UIKit-Swift */;
			targetProxy = 568E51652B353AC600FFAD03 /* PBXContainerItemProxy */;
		};
/* End PBXTargetDependency section */

/* Begin PBXVariantGroup section */
		568E514D2B353AC300FFAD03 /* Main.storyboard */ = {
			isa = PBXVariantGroup;
			children = (
				568E514E2B353AC300FFAD03 /* Base */,
			);
			name = Main.storyboard;
			sourceTree = "<group>";
		};
		568E51522B353AC500FFAD03 /* LaunchScreen.storyboard */ = {
			isa = PBXVariantGroup;
			children = (
				568E51532B353AC500FFAD03 /* Base */,
			);
			name = LaunchScreen.storyboard;
			sourceTree = "<group>";
		};
/* End PBXVariantGroup section */

/* Begin XCBuildConfiguration section */
		568E516C2B353AC600FFAD03 /* Debug */ = {
			isa = XCBuildConfiguration;
			buildSettings = {
				ALWAYS_SEARCH_USER_PATHS = NO;
				ASSETCATALOG_COMPILER_GENERATE_SWIFT_ASSET_SYMBOL_EXTENSIONS = YES;
				CLANG_ANALYZER_NONNULL = YES;
				CLANG_ANALYZER_NUMBER_OBJECT_CONVERSION = YES_AGGRESSIVE;
				CLANG_CXX_LANGUAGE_STANDARD = "gnu++20";
				CLANG_ENABLE_MODULES = YES;
				CLANG_ENABLE_OBJC_ARC = YES;
				CLANG_ENABLE_OBJC_WEAK = YES;
				CLANG_WARN_BLOCK_CAPTURE_AUTORELEASING = YES;
				CLANG_WARN_BOOL_CONVERSION = YES;
				CLANG_WARN_COMMA = YES;
				CLANG_WARN_CONSTANT_CONVERSION = YES;
				CLANG_WARN_DEPRECATED_OBJC_IMPLEMENTATIONS = YES;
				CLANG_WARN_DIRECT_OBJC_ISA_USAGE = YES_ERROR;
				CLANG_WARN_DOCUMENTATION_COMMENTS = YES;
				CLANG_WARN_EMPTY_BODY = YES;
				CLANG_WARN_ENUM_CONVERSION = YES;
				CLANG_WARN_INFINITE_RECURSION = YES;
				CLANG_WARN_INT_CONVERSION = YES;
				CLANG_WARN_NON_LITERAL_NULL_CONVERSION = YES;
				CLANG_WARN_OBJC_IMPLICIT_RETAIN_SELF = YES;
				CLANG_WARN_OBJC_LITERAL_CONVERSION = YES;
				CLANG_WARN_OBJC_ROOT_CLASS = YES_ERROR;
				CLANG_WARN_QUOTED_INCLUDE_IN_FRAMEWORK_HEADER = YES;
				CLANG_WARN_RANGE_LOOP_ANALYSIS = YES;
				CLANG_WARN_STRICT_PROTOTYPES = YES;
				CLANG_WARN_SUSPICIOUS_MOVE = YES;
				CLANG_WARN_UNGUARDED_AVAILABILITY = YES_AGGRESSIVE;
				CLANG_WARN_UNREACHABLE_CODE = YES;
				CLANG_WARN__DUPLICATE_METHOD_MATCH = YES;
				COPY_PHASE_STRIP = NO;
				DEBUG_INFORMATION_FORMAT = dwarf;
				ENABLE_STRICT_OBJC_MSGSEND = YES;
				ENABLE_TESTABILITY = YES;
				ENABLE_USER_SCRIPT_SANDBOXING = YES;
				GCC_C_LANGUAGE_STANDARD = gnu17;
				GCC_DYNAMIC_NO_PIC = NO;
				GCC_NO_COMMON_BLOCKS = YES;
				GCC_OPTIMIZATION_LEVEL = 0;
				GCC_PREPROCESSOR_DEFINITIONS = (
					"DEBUG=1",
					"$(inherited)",
				);
				GCC_WARN_64_TO_32_BIT_CONVERSION = YES;
				GCC_WARN_ABOUT_RETURN_TYPE = YES_ERROR;
				GCC_WARN_UNDECLARED_SELECTOR = YES;
				GCC_WARN_UNINITIALIZED_AUTOS = YES_AGGRESSIVE;
				GCC_WARN_UNUSED_FUNCTION = YES;
				GCC_WARN_UNUSED_VARIABLE = YES;
				IPHONEOS_DEPLOYMENT_TARGET = 14.0;
				LOCALIZATION_PREFERS_STRING_CATALOGS = YES;
				MTL_ENABLE_DEBUG_INFO = INCLUDE_SOURCE;
				MTL_FAST_MATH = YES;
				ONLY_ACTIVE_ARCH = YES;
				SDKROOT = iphoneos;
				SWIFT_ACTIVE_COMPILATION_CONDITIONS = "DEBUG $(inherited)";
				SWIFT_OPTIMIZATION_LEVEL = "-Onone";
			};
			name = Debug;
		};
		568E516D2B353AC600FFAD03 /* Release */ = {
			isa = XCBuildConfiguration;
			buildSettings = {
				ALWAYS_SEARCH_USER_PATHS = NO;
				ASSETCATALOG_COMPILER_GENERATE_SWIFT_ASSET_SYMBOL_EXTENSIONS = YES;
				CLANG_ANALYZER_NONNULL = YES;
				CLANG_ANALYZER_NUMBER_OBJECT_CONVERSION = YES_AGGRESSIVE;
				CLANG_CXX_LANGUAGE_STANDARD = "gnu++20";
				CLANG_ENABLE_MODULES = YES;
				CLANG_ENABLE_OBJC_ARC = YES;
				CLANG_ENABLE_OBJC_WEAK = YES;
				CLANG_WARN_BLOCK_CAPTURE_AUTORELEASING = YES;
				CLANG_WARN_BOOL_CONVERSION = YES;
				CLANG_WARN_COMMA = YES;
				CLANG_WARN_CONSTANT_CONVERSION = YES;
				CLANG_WARN_DEPRECATED_OBJC_IMPLEMENTATIONS = YES;
				CLANG_WARN_DIRECT_OBJC_ISA_USAGE = YES_ERROR;
				CLANG_WARN_DOCUMENTATION_COMMENTS = YES;
				CLANG_WARN_EMPTY_BODY = YES;
				CLANG_WARN_ENUM_CONVERSION = YES;
				CLANG_WARN_INFINITE_RECURSION = YES;
				CLANG_WARN_INT_CONVERSION = YES;
				CLANG_WARN_NON_LITERAL_NULL_CONVERSION = YES;
				CLANG_WARN_OBJC_IMPLICIT_RETAIN_SELF = YES;
				CLANG_WARN_OBJC_LITERAL_CONVERSION = YES;
				CLANG_WARN_OBJC_ROOT_CLASS = YES_ERROR;
				CLANG_WARN_QUOTED_INCLUDE_IN_FRAMEWORK_HEADER = YES;
				CLANG_WARN_RANGE_LOOP_ANALYSIS = YES;
				CLANG_WARN_STRICT_PROTOTYPES = YES;
				CLANG_WARN_SUSPICIOUS_MOVE = YES;
				CLANG_WARN_UNGUARDED_AVAILABILITY = YES_AGGRESSIVE;
				CLANG_WARN_UNREACHABLE_CODE = YES;
				CLANG_WARN__DUPLICATE_METHOD_MATCH = YES;
				COPY_PHASE_STRIP = NO;
				DEBUG_INFORMATION_FORMAT = "dwarf-with-dsym";
				ENABLE_NS_ASSERTIONS = NO;
				ENABLE_STRICT_OBJC_MSGSEND = YES;
				ENABLE_USER_SCRIPT_SANDBOXING = YES;
				GCC_C_LANGUAGE_STANDARD = gnu17;
				GCC_NO_COMMON_BLOCKS = YES;
				GCC_WARN_64_TO_32_BIT_CONVERSION = YES;
				GCC_WARN_ABOUT_RETURN_TYPE = YES_ERROR;
				GCC_WARN_UNDECLARED_SELECTOR = YES;
				GCC_WARN_UNINITIALIZED_AUTOS = YES_AGGRESSIVE;
				GCC_WARN_UNUSED_FUNCTION = YES;
				GCC_WARN_UNUSED_VARIABLE = YES;
				IPHONEOS_DEPLOYMENT_TARGET = 14.0;
				LOCALIZATION_PREFERS_STRING_CATALOGS = YES;
				MTL_ENABLE_DEBUG_INFO = NO;
				MTL_FAST_MATH = YES;
				SDKROOT = iphoneos;
				SWIFT_COMPILATION_MODE = wholemodule;
				VALIDATE_PRODUCT = YES;
			};
			name = Release;
		};
		568E516F2B353AC600FFAD03 /* Debug */ = {
			isa = XCBuildConfiguration;
			buildSettings = {
				ASSETCATALOG_COMPILER_APPICON_NAME = AppIcon;
				ASSETCATALOG_COMPILER_GLOBAL_ACCENT_COLOR_NAME = AccentColor;
				CODE_SIGN_STYLE = Automatic;
				CURRENT_PROJECT_VERSION = 1;
				DEVELOPMENT_TEAM = NL2F6STRPK;
				GENERATE_INFOPLIST_FILE = YES;
				INFOPLIST_FILE = "Algorithms-UIKit-Swift/Info.plist";
				INFOPLIST_KEY_UIApplicationSupportsIndirectInputEvents = YES;
				INFOPLIST_KEY_UILaunchStoryboardName = LaunchScreen.storyboard;
				INFOPLIST_KEY_UIMainStoryboardFile = Main;
				INFOPLIST_KEY_UISupportedInterfaceOrientations_iPad = "UIInterfaceOrientationPortrait UIInterfaceOrientationPortraitUpsideDown UIInterfaceOrientationLandscapeLeft UIInterfaceOrientationLandscapeRight";
				INFOPLIST_KEY_UISupportedInterfaceOrientations_iPhone = "UIInterfaceOrientationPortrait UIInterfaceOrientationLandscapeLeft UIInterfaceOrientationLandscapeRight";
				IPHONEOS_DEPLOYMENT_TARGET = 15.0;
				LD_RUNPATH_SEARCH_PATHS = (
					"$(inherited)",
					"@executable_path/Frameworks",
				);
				MARKETING_VERSION = 1.0;
				PRODUCT_BUNDLE_IDENTIFIER = "com.allinson.Algorithms-UIKit-Swift";
				PRODUCT_NAME = "$(TARGET_NAME)";
				SWIFT_EMIT_LOC_STRINGS = YES;
				SWIFT_VERSION = 5.0;
				TARGETED_DEVICE_FAMILY = "1,2";
			};
			name = Debug;
		};
		568E51702B353AC600FFAD03 /* Release */ = {
			isa = XCBuildConfiguration;
			buildSettings = {
				ASSETCATALOG_COMPILER_APPICON_NAME = AppIcon;
				ASSETCATALOG_COMPILER_GLOBAL_ACCENT_COLOR_NAME = AccentColor;
				CODE_SIGN_STYLE = Automatic;
				CURRENT_PROJECT_VERSION = 1;
				DEVELOPMENT_TEAM = NL2F6STRPK;
				GENERATE_INFOPLIST_FILE = YES;
				INFOPLIST_FILE = "Algorithms-UIKit-Swift/Info.plist";
				INFOPLIST_KEY_UIApplicationSupportsIndirectInputEvents = YES;
				INFOPLIST_KEY_UILaunchStoryboardName = LaunchScreen.storyboard;
				INFOPLIST_KEY_UIMainStoryboardFile = Main;
				INFOPLIST_KEY_UISupportedInterfaceOrientations_iPad = "UIInterfaceOrientationPortrait UIInterfaceOrientationPortraitUpsideDown UIInterfaceOrientationLandscapeLeft UIInterfaceOrientationLandscapeRight";
				INFOPLIST_KEY_UISupportedInterfaceOrientations_iPhone = "UIInterfaceOrientationPortrait UIInterfaceOrientationLandscapeLeft UIInterfaceOrientationLandscapeRight";
				IPHONEOS_DEPLOYMENT_TARGET = 15.0;
				LD_RUNPATH_SEARCH_PATHS = (
					"$(inherited)",
					"@executable_path/Frameworks",
				);
				MARKETING_VERSION = 1.0;
				PRODUCT_BUNDLE_IDENTIFIER = "com.allinson.Algorithms-UIKit-Swift";
				PRODUCT_NAME = "$(TARGET_NAME)";
				SWIFT_EMIT_LOC_STRINGS = YES;
				SWIFT_VERSION = 5.0;
				TARGETED_DEVICE_FAMILY = "1,2";
			};
			name = Release;
		};
		568E51722B353AC600FFAD03 /* Debug */ = {
			isa = XCBuildConfiguration;
			buildSettings = {
				ALWAYS_EMBED_SWIFT_STANDARD_LIBRARIES = YES;
				BUNDLE_LOADER = "$(TEST_HOST)";
				CODE_SIGN_STYLE = Automatic;
				CURRENT_PROJECT_VERSION = 1;
				DEVELOPMENT_TEAM = NL2F6STRPK;
				GENERATE_INFOPLIST_FILE = YES;
				IPHONEOS_DEPLOYMENT_TARGET = 17.0;
				MARKETING_VERSION = 1.0;
				PRODUCT_BUNDLE_IDENTIFIER = "com.allinson.Algorithms-UIKit-SwiftTests";
				PRODUCT_NAME = "$(TARGET_NAME)";
				SWIFT_EMIT_LOC_STRINGS = NO;
				SWIFT_VERSION = 5.0;
				TARGETED_DEVICE_FAMILY = "1,2";
				TEST_HOST = "$(BUILT_PRODUCTS_DIR)/Algorithms-UIKit-Swift.app/$(BUNDLE_EXECUTABLE_FOLDER_PATH)/Algorithms-UIKit-Swift";
			};
			name = Debug;
		};
		568E51732B353AC600FFAD03 /* Release */ = {
			isa = XCBuildConfiguration;
			buildSettings = {
				ALWAYS_EMBED_SWIFT_STANDARD_LIBRARIES = YES;
				BUNDLE_LOADER = "$(TEST_HOST)";
				CODE_SIGN_STYLE = Automatic;
				CURRENT_PROJECT_VERSION = 1;
				DEVELOPMENT_TEAM = NL2F6STRPK;
				GENERATE_INFOPLIST_FILE = YES;
				IPHONEOS_DEPLOYMENT_TARGET = 17.0;
				MARKETING_VERSION = 1.0;
				PRODUCT_BUNDLE_IDENTIFIER = "com.allinson.Algorithms-UIKit-SwiftTests";
				PRODUCT_NAME = "$(TARGET_NAME)";
				SWIFT_EMIT_LOC_STRINGS = NO;
				SWIFT_VERSION = 5.0;
				TARGETED_DEVICE_FAMILY = "1,2";
				TEST_HOST = "$(BUILT_PRODUCTS_DIR)/Algorithms-UIKit-Swift.app/$(BUNDLE_EXECUTABLE_FOLDER_PATH)/Algorithms-UIKit-Swift";
			};
			name = Release;
		};
		568E51752B353AC600FFAD03 /* Debug */ = {
			isa = XCBuildConfiguration;
			buildSettings = {
				ALWAYS_EMBED_SWIFT_STANDARD_LIBRARIES = YES;
				CODE_SIGN_STYLE = Automatic;
				CURRENT_PROJECT_VERSION = 1;
				DEVELOPMENT_TEAM = NL2F6STRPK;
				GENERATE_INFOPLIST_FILE = YES;
				MARKETING_VERSION = 1.0;
				PRODUCT_BUNDLE_IDENTIFIER = "com.allinson.Algorithms-UIKit-SwiftUITests";
				PRODUCT_NAME = "$(TARGET_NAME)";
				SWIFT_EMIT_LOC_STRINGS = NO;
				SWIFT_VERSION = 5.0;
				TARGETED_DEVICE_FAMILY = "1,2";
				TEST_TARGET_NAME = "Algorithms-UIKit-Swift";
			};
			name = Debug;
		};
		568E51762B353AC600FFAD03 /* Release */ = {
			isa = XCBuildConfiguration;
			buildSettings = {
				ALWAYS_EMBED_SWIFT_STANDARD_LIBRARIES = YES;
				CODE_SIGN_STYLE = Automatic;
				CURRENT_PROJECT_VERSION = 1;
				DEVELOPMENT_TEAM = NL2F6STRPK;
				GENERATE_INFOPLIST_FILE = YES;
				MARKETING_VERSION = 1.0;
				PRODUCT_BUNDLE_IDENTIFIER = "com.allinson.Algorithms-UIKit-SwiftUITests";
				PRODUCT_NAME = "$(TARGET_NAME)";
				SWIFT_EMIT_LOC_STRINGS = NO;
				SWIFT_VERSION = 5.0;
				TARGETED_DEVICE_FAMILY = "1,2";
				TEST_TARGET_NAME = "Algorithms-UIKit-Swift";
			};
			name = Release;
		};
/* End XCBuildConfiguration section */

/* Begin XCConfigurationList section */
		568E513F2B353AC300FFAD03 /* Build configuration list for PBXProject "Algorithms-UIKit-Swift" */ = {
			isa = XCConfigurationList;
			buildConfigurations = (
				568E516C2B353AC600FFAD03 /* Debug */,
				568E516D2B353AC600FFAD03 /* Release */,
			);
			defaultConfigurationIsVisible = 0;
			defaultConfigurationName = Release;
		};
		568E516E2B353AC600FFAD03 /* Build configuration list for PBXNativeTarget "Algorithms-UIKit-Swift" */ = {
			isa = XCConfigurationList;
			buildConfigurations = (
				568E516F2B353AC600FFAD03 /* Debug */,
				568E51702B353AC600FFAD03 /* Release */,
			);
			defaultConfigurationIsVisible = 0;
			defaultConfigurationName = Release;
		};
		568E51712B353AC600FFAD03 /* Build configuration list for PBXNativeTarget "Algorithms-UIKit-SwiftTests" */ = {
			isa = XCConfigurationList;
			buildConfigurations = (
				568E51722B353AC600FFAD03 /* Debug */,
				568E51732B353AC600FFAD03 /* Release */,
			);
			defaultConfigurationIsVisible = 0;
			defaultConfigurationName = Release;
		};
		568E51742B353AC600FFAD03 /* Build configuration list for PBXNativeTarget "Algorithms-UIKit-SwiftUITests" */ = {
			isa = XCConfigurationList;
			buildConfigurations = (
				568E51752B353AC600FFAD03 /* Debug */,
				568E51762B353AC600FFAD03 /* Release */,
			);
			defaultConfigurationIsVisible = 0;
			defaultConfigurationName = Release;
		};
/* End XCConfigurationList section */
	};
	rootObject = 568E513C2B353AC300FFAD03 /* Project object */;
}
